
Microsoft Visual Studio Solution File, Format Version 12.00
# Visual Studio Version 17
VisualStudioVersion = 17.9.34622.214
MinimumVisualStudioVersion = 10.0.40219.1
Project("{FAE04EC0-301F-11D3-BF4B-00C04F79EFBC}") = "NumberDrop", "NumberDrop\NumberDrop.csproj", "{858D3251-C002-4676-9D99-896FF6AD4FE0}"
EndProject
Global
	GlobalSection(SolutionConfigurationPlatforms) = preSolution
		Debug|Any CPU = Debug|Any CPU
		Release|Any CPU = Release|Any CPU
	EndGlobalSection
	GlobalSection(ProjectConfigurationPlatforms) = postSolution
		{858D3251-C002-4676-9D99-896FF6AD4FE0}.Debug|Any CPU.ActiveCfg = Debug|Any CPU
		{858D3251-C002-4676-9D99-896FF6AD4FE0}.Debug|Any CPU.Build.0 = Debug|Any CPU
		{858D3251-C002-4676-9D99-896FF6AD4FE0}.Release|Any CPU.ActiveCfg = Release|Any CPU
		{858D3251-C002-4676-9D99-896FF6AD4FE0}.Release|Any CPU.Build.0 = Release|Any CPU
	EndGlobalSection
	GlobalSection(SolutionProperties) = preSolution
		HideSolutionNode = FALSE
	EndGlobalSection
	GlobalSection(ExtensibilityGlobals) = postSolution
		SolutionGuid = {697A7EEB-E8CC-44F7-9F6A-FC0DB4641C5C}
	EndGlobalSection
EndGlobal
